
Microsoft Visual Studio Solution File, Format Version 12.00
# Visual Studio Version 17
VisualStudioVersion = 17.12.35506.116
MinimumVisualStudioVersion = 10.0.40219.1
Project("{FAE04EC0-301F-11D3-BF4B-00C04F79EFBC}") = "Minibar.Entities", "src\Minibar_Entities\Minibar.Entities.csproj", "{C1ADE57A-02CF-44B7-9853-90C52037AB68}"
EndProject
Project("{2150E333-8FDC-42A3-9474-1A3956D46DE8}") = "src", "src", "{1B1D3BE7-B728-4616-B8F7-E83A38F97312}"
EndProject
Project("{FAE04EC0-301F-11D3-BF4B-00C04F79EFBC}") = "Minibar.Web", "src\Minibar.Web\Minibar.Web.csproj", "{D6E25FE3-118A-438E-B148-3FDFBAA570FD}"
EndProject
Project("{FAE04EC0-301F-11D3-BF4B-00C04F79EFBC}") = "Minibar.Controllers", "src\Minibar.Controllers\Minibar.Controllers.csproj", "{7AAEAEE9-7EDD-4AA1-91FF-0F847562B711}"
EndProject
Project("{2150E333-8FDC-42A3-9474-1A3956D46DE8}") = "Solution Items", "Solution Items", "{AC2810BB-267F-4F8B-A8A6-65F58BFDBC8A}"
EndProject
Project("{FAE04EC0-301F-11D3-BF4B-00C04F79EFBC}") = "Minibar.Contracts", "src\Minibar.Contracts\Minibar.Contracts.csproj", "{D9E9C9DA-7ECD-4AC5-9D8E-07F245377AF6}"
EndProject
Project("{FAE04EC0-301F-11D3-BF4B-00C04F79EFBC}") = "Minibar.Application", "src\Minibar.Application\Minibar.Application.csproj", "{EEFABF13-6266-457E-A336-69CA2BB39B33}"
EndProject
Global
	GlobalSection(SolutionConfigurationPlatforms) = preSolution
		Debug|Any CPU = Debug|Any CPU
		Release|Any CPU = Release|Any CPU
	EndGlobalSection
	GlobalSection(ProjectConfigurationPlatforms) = postSolution
		{C1ADE57A-02CF-44B7-9853-90C52037AB68}.Debug|Any CPU.ActiveCfg = Debug|Any CPU
		{C1ADE57A-02CF-44B7-9853-90C52037AB68}.Debug|Any CPU.Build.0 = Debug|Any CPU
		{C1ADE57A-02CF-44B7-9853-90C52037AB68}.Release|Any CPU.ActiveCfg = Release|Any CPU
		{C1ADE57A-02CF-44B7-9853-90C52037AB68}.Release|Any CPU.Build.0 = Release|Any CPU
		{D6E25FE3-118A-438E-B148-3FDFBAA570FD}.Debug|Any CPU.ActiveCfg = Debug|Any CPU
		{D6E25FE3-118A-438E-B148-3FDFBAA570FD}.Debug|Any CPU.Build.0 = Debug|Any CPU
		{D6E25FE3-118A-438E-B148-3FDFBAA570FD}.Release|Any CPU.ActiveCfg = Release|Any CPU
		{D6E25FE3-118A-438E-B148-3FDFBAA570FD}.Release|Any CPU.Build.0 = Release|Any CPU
		{7AAEAEE9-7EDD-4AA1-91FF-0F847562B711}.Debug|Any CPU.ActiveCfg = Debug|Any CPU
		{7AAEAEE9-7EDD-4AA1-91FF-0F847562B711}.Debug|Any CPU.Build.0 = Debug|Any CPU
		{7AAEAEE9-7EDD-4AA1-91FF-0F847562B711}.Release|Any CPU.ActiveCfg = Release|Any CPU
		{7AAEAEE9-7EDD-4AA1-91FF-0F847562B711}.Release|Any CPU.Build.0 = Release|Any CPU
		{D9E9C9DA-7ECD-4AC5-9D8E-07F245377AF6}.Debug|Any CPU.ActiveCfg = Debug|Any CPU
		{D9E9C9DA-7ECD-4AC5-9D8E-07F245377AF6}.Debug|Any CPU.Build.0 = Debug|Any CPU
		{D9E9C9DA-7ECD-4AC5-9D8E-07F245377AF6}.Release|Any CPU.ActiveCfg = Release|Any CPU
		{D9E9C9DA-7ECD-4AC5-9D8E-07F245377AF6}.Release|Any CPU.Build.0 = Release|Any CPU
		{EEFABF13-6266-457E-A336-69CA2BB39B33}.Debug|Any CPU.ActiveCfg = Debug|Any CPU
		{EEFABF13-6266-457E-A336-69CA2BB39B33}.Debug|Any CPU.Build.0 = Debug|Any CPU
		{EEFABF13-6266-457E-A336-69CA2BB39B33}.Release|Any CPU.ActiveCfg = Release|Any CPU
		{EEFABF13-6266-457E-A336-69CA2BB39B33}.Release|Any CPU.Build.0 = Release|Any CPU
	EndGlobalSection
	GlobalSection(SolutionProperties) = preSolution
		HideSolutionNode = FALSE
	EndGlobalSection
	GlobalSection(NestedProjects) = preSolution
		{C1ADE57A-02CF-44B7-9853-90C52037AB68} = {1B1D3BE7-B728-4616-B8F7-E83A38F97312}
		{D6E25FE3-118A-438E-B148-3FDFBAA570FD} = {1B1D3BE7-B728-4616-B8F7-E83A38F97312}
		{7AAEAEE9-7EDD-4AA1-91FF-0F847562B711} = {1B1D3BE7-B728-4616-B8F7-E83A38F97312}
		{D9E9C9DA-7ECD-4AC5-9D8E-07F245377AF6} = {1B1D3BE7-B728-4616-B8F7-E83A38F97312}
		{EEFABF13-6266-457E-A336-69CA2BB39B33} = {1B1D3BE7-B728-4616-B8F7-E83A38F97312}
	EndGlobalSection
EndGlobal
